PODS:
  - CocoaLumberjack (1.7.0):
    - CocoaLumberjack/Core
    - CocoaLumberjack/Extensions
  - CocoaLumberjack/Core (1.7.0)
  - CocoaLumberjack/Extensions (1.7.0):
    - CocoaLumberjack/Core
  - Reveal-iOS-SDK (1.0.3)
  - SDWebImage (3.5.2):
    - SDWebImage/Core
  - SDWebImage/Core (3.5.2)
  - SparkInspector (1.1)
  - SVWebViewController (HEAD based on 1.0)
  - TTTAttributedLabel (1.8.0)
  - UIColor+MLPFlatColors (1.0)
  - UIImage-Resize (1.0.1)

DEPENDENCIES:
  - CocoaLumberjack
  - Reveal-iOS-SDK
  - SDWebImage (~> 3.5.1)
  - SparkInspector
  - SVWebViewController (HEAD)
  - TTTAttributedLabel
  - UIColor+MLPFlatColors
  - UIImage-Resize

SPEC CHECKSUMS:
  CocoaLumberjack: be87113f649942f020a37c061c58009b6ee5ff68
  Reveal-iOS-SDK: f2525cb560a564fdc086316e89ec45ced6977fd3
  SDWebImage: fe7ce01ae4e0a884d168f59c9dd82d35baf8429e
  SparkInspector: 8eebd96bf33d608504ee03782d8046fa5016b1ef
  SVWebViewController: e576371f7015bce92c97c304c32336700064847b
  TTTAttributedLabel: cc759a194a485c1fdf2446bf2ee7a55bada1f08d
  UIColor+MLPFlatColors: 8631d7f050b0e5afd9af178a60319891c5113d0e
  UIImage-Resize: 575381c9746383a5f557bc584a538a2d2ff53c76

COCOAPODS: 0.29.0
